// !$*UTF8*$!
{
	archiveVersion = 1;
	classes = {
	};
	objectVersion = 56;
	objects = {

/* Begin PBXBuildFile section */
		B2CFDF112BF710F40070385F /* LandmarksApp.swift in Sources */ = {isa = PBXBuildFile; fileRef = B2CFDF102BF710F40070385F /* LandmarksApp.swift */; };
		B2CFDF132BF710F40070385F /* LandmarkListView.swift in Sources */ = {isa = PBXBuildFile; fileRef = B2CFDF122BF710F40070385F /* LandmarkListView.swift */; };
		B2CFDF152BF710F50070385F /* Assets.xcassets in Resources */ = {isa = PBXBuildFile; fileRef = B2CFDF142BF710F50070385F /* Assets.xcassets */; };
		B2CFDF182BF710F50070385F /* Preview Assets.xcassets in Resources */ = {isa = PBXBuildFile; fileRef = B2CFDF172BF710F50070385F /* Preview Assets.xcassets */; };
		B2CFDF202BF711190070385F /* Landmark.swift in Sources */ = {isa = PBXBuildFile; fileRef = B2CFDF1F2BF711190070385F /* Landmark.swift */; };
		B2CFDF252BF711D00070385F /* landmarkData.json in Resources */ = {isa = PBXBuildFile; fileRef = B2CFDF242BF711D00070385F /* landmarkData.json */; };
		B2CFDF292BF713630070385F /* FileService.swift in Sources */ = {isa = PBXBuildFile; fileRef = B2CFDF282BF713630070385F /* FileService.swift */; };
		B2CFDF2C2BF714F80070385F /* Constant.swift in Sources */ = {isa = PBXBuildFile; fileRef = B2CFDF2B2BF714F80070385F /* Constant.swift */; };
		B2CFDF2E2BF715480070385F /* AppError.swift in Sources */ = {isa = PBXBuildFile; fileRef = B2CFDF2D2BF715480070385F /* AppError.swift */; };
		B2CFDF312BF716840070385F /* LandmarkViewModel.swift in Sources */ = {isa = PBXBuildFile; fileRef = B2CFDF302BF716840070385F /* LandmarkViewModel.swift */; };
		B2CFDF332BF717730070385F /* LandmarkRow.swift in Sources */ = {isa = PBXBuildFile; fileRef = B2CFDF322BF717730070385F /* LandmarkRow.swift */; };
		B2CFDF392BF7229C0070385F /* Separator.swift in Sources */ = {isa = PBXBuildFile; fileRef = B2CFDF382BF7229C0070385F /* Separator.swift */; };
/* End PBXBuildFile section */

/* Begin PBXFileReference section */
		B2CFDF0D2BF710F40070385F /* Landmarks.app */ = {isa = PBXFileReference; explicitFileType = wrapper.application; includeInIndex = 0; path = Landmarks.app; sourceTree = BUILT_PRODUCTS_DIR; };
		B2CFDF102BF710F40070385F /* LandmarksApp.swift */ = {isa = PBXFileReference; lastKnownFileType = sourcecode.swift; path = LandmarksApp.swift; sourceTree = "<group>"; };
		B2CFDF122BF710F40070385F /* LandmarkListView.swift */ = {isa = PBXFileReference; lastKnownFileType = sourcecode.swift; path = LandmarkListView.swift; sourceTree = "<group>"; };
		B2CFDF142BF710F50070385F /* Assets.xcassets */ = {isa = PBXFileReference; lastKnownFileType = folder.assetcatalog; path = Assets.xcassets; sourceTree = "<group>"; };
		B2CFDF172BF710F50070385F /* Preview Assets.xcassets */ = {isa = PBXFileReference; lastKnownFileType = folder.assetcatalog; path = "Preview Assets.xcassets"; sourceTree = "<group>"; };
		B2CFDF1F2BF711190070385F /* Landmark.swift */ = {isa = PBXFileReference; lastKnownFileType = sourcecode.swift; path = Landmark.swift; sourceTree = "<group>"; };
		B2CFDF242BF711D00070385F /* landmarkData.json */ = {isa = PBXFileReference; fileEncoding = 4; lastKnownFileType = text.json; path = landmarkData.json; sourceTree = "<group>"; };
		B2CFDF282BF713630070385F /* FileService.swift */ = {isa = PBXFileReference; lastKnownFileType = sourcecode.swift; path = FileService.swift; sourceTree = "<group>"; };
		B2CFDF2B2BF714F80070385F /* Constant.swift */ = {isa = PBXFileReference; lastKnownFileType = sourcecode.swift; path = Constant.swift; sourceTree = "<group>"; };
		B2CFDF2D2BF715480070385F /* AppError.swift */ = {isa = PBXFileReference; lastKnownFileType = sourcecode.swift; path = AppError.swift; sourceTree = "<group>"; };
		B2CFDF302BF716840070385F /* LandmarkViewModel.swift */ = {isa = PBXFileReference; lastKnownFileType = sourcecode.swift; path = LandmarkViewModel.swift; sourceTree = "<group>"; };
		B2CFDF322BF717730070385F /* LandmarkRow.swift */ = {isa = PBXFileReference; lastKnownFileType = sourcecode.swift; path = LandmarkRow.swift; sourceTree = "<group>"; };
		B2CFDF382BF7229C0070385F /* Separator.swift */ = {isa = PBXFileReference; lastKnownFileType = sourcecode.swift; path = Separator.swift; sourceTree = "<group>"; };
/* End PBXFileReference section */

/* Begin PBXFrameworksBuildPhase section */
		B2CFDF0A2BF710F40070385F /* Frameworks */ = {
			isa = PBXFrameworksBuildPhase;
			buildActionMask = 2147483647;
			files = (
			);
			runOnlyForDeploymentPostprocessing = 0;
		};
/* End PBXFrameworksBuildPhase section */

/* Begin PBXGroup section */
		B2CFDF042BF710F40070385F = {
			isa = PBXGroup;
			children = (
				B2CFDF0F2BF710F40070385F /* Landmarks */,
				B2CFDF0E2BF710F40070385F /* Products */,
			);
			sourceTree = "<group>";
		};
		B2CFDF0E2BF710F40070385F /* Products */ = {
			isa = PBXGroup;
			children = (
				B2CFDF0D2BF710F40070385F /* Landmarks.app */,
			);
			name = Products;
			sourceTree = "<group>";
		};
		B2CFDF0F2BF710F40070385F /* Landmarks */ = {
			isa = PBXGroup;
			children = (
				B2CFDF2F2BF716710070385F /* ViewModels */,
				B2CFDF2A2BF714E60070385F /* Utilities */,
				B2CFDF272BF713380070385F /* Services */,
				B2CFDF262BF712ED0070385F /* Views */,
				B2CFDF232BF711B30070385F /* Resources */,
				B2CFDF1E2BF7110B0070385F /* Models */,
				B2CFDF142BF710F50070385F /* Assets.xcassets */,
				B2CFDF162BF710F50070385F /* Preview Content */,
			);
			path = Landmarks;
			sourceTree = "<group>";
		};
		B2CFDF162BF710F50070385F /* Preview Content */ = {
			isa = PBXGroup;
			children = (
				B2CFDF172BF710F50070385F /* Preview Assets.xcassets */,
			);
			path = "Preview Content";
			sourceTree = "<group>";
		};
		B2CFDF1E2BF7110B0070385F /* Models */ = {
			isa = PBXGroup;
			children = (
				B2CFDF1F2BF711190070385F /* Landmark.swift */,
			);
			path = Models;
			sourceTree = "<group>";
		};
		B2CFDF232BF711B30070385F /* Resources */ = {
			isa = PBXGroup;
			children = (
				B2CFDF242BF711D00070385F /* landmarkData.json */,
			);
			path = Resources;
			sourceTree = "<group>";
		};
		B2CFDF262BF712ED0070385F /* Views */ = {
			isa = PBXGroup;
			children = (
				B2CFDF102BF710F40070385F /* LandmarksApp.swift */,
				B2CFDF122BF710F40070385F /* LandmarkListView.swift */,
				B2CFDF322BF717730070385F /* LandmarkRow.swift */,
				B2CFDF382BF7229C0070385F /* Separator.swift */,
			);
			path = Views;
			sourceTree = "<group>";
		};
		B2CFDF272BF713380070385F /* Services */ = {
			isa = PBXGroup;
			children = (
				B2CFDF282BF713630070385F /* FileService.swift */,
			);
			path = Services;
			sourceTree = "<group>";
		};
		B2CFDF2A2BF714E60070385F /* Utilities */ = {
			isa = PBXGroup;
			children = (
				B2CFDF2B2BF714F80070385F /* Constant.swift */,
				B2CFDF2D2BF715480070385F /* AppError.swift */,
			);
			path = Utilities;
			sourceTree = "<group>";
		};
		B2CFDF2F2BF716710070385F /* ViewModels */ = {
			isa = PBXGroup;
			children = (
				B2CFDF302BF716840070385F /* LandmarkViewModel.swift */,
			);
			path = ViewModels;
			sourceTree = "<group>";
		};
/* End PBXGroup section */

/* Begin PBXNativeTarget section */
		B2CFDF0C2BF710F40070385F /* Landmarks */ = {
			isa = PBXNativeTarget;
			buildConfigurationList = B2CFDF1B2BF710F50070385F /* Build configuration list for PBXNativeTarget "Landmarks" */;
			buildPhases = (
				B2CFDF092BF710F40070385F /* Sources */,
				B2CFDF0A2BF710F40070385F /* Frameworks */,
				B2CFDF0B2BF710F40070385F /* Resources */,
			);
			buildRules = (
			);
			dependencies = (
			);
			name = Landmarks;
			productName = Landmarks;
			productReference = B2CFDF0D2BF710F40070385F /* Landmarks.app */;
			productType = "com.apple.product-type.application";
		};
/* End PBXNativeTarget section */

/* Begin PBXProject section */
		B2CFDF052BF710F40070385F /* Project object */ = {
			isa = PBXProject;
			attributes = {
				BuildIndependentTargetsInParallel = 1;
				LastSwiftUpdateCheck = 1530;
				LastUpgradeCheck = 1530;
				TargetAttributes = {
					B2CFDF0C2BF710F40070385F = {
						CreatedOnToolsVersion = 15.3;
					};
				};
			};
			buildConfigurationList = B2CFDF082BF710F40070385F /* Build configuration list for PBXProject "Landmarks" */;
			compatibilityVersion = "Xcode 14.0";
			developmentRegion = en;
			hasScannedForEncodings = 0;
			knownRegions = (
				en,
				Base,
			);
			mainGroup = B2CFDF042BF710F40070385F;
			productRefGroup = B2CFDF0E2BF710F40070385F /* Products */;
			projectDirPath = "";
			projectRoot = "";
			targets = (
				B2CFDF0C2BF710F40070385F /* Landmarks */,
			);
		};
/* End PBXProject section */

/* Begin PBXResourcesBuildPhase section */
		B2CFDF0B2BF710F40070385F /* Resources */ = {
			isa = PBXResourcesBuildPhase;
			buildActionMask = 2147483647;
			files = (
				B2CFDF182BF710F50070385F /* Preview Assets.xcassets in Resources */,
				B2CFDF152BF710F50070385F /* Assets.xcassets in Resources */,
				B2CFDF252BF711D00070385F /* landmarkData.json in Resources */,
			);
			runOnlyForDeploymentPostprocessing = 0;
		};
/* End PBXResourcesBuildPhase section */

/* Begin PBXSourcesBuildPhase section */
		B2CFDF092BF710F40070385F /* Sources */ = {
			isa = PBXSourcesBuildPhase;
			buildActionMask = 2147483647;
			files = (
				B2CFDF132BF710F40070385F /* LandmarkListView.swift in Sources */,
				B2CFDF292BF713630070385F /* FileService.swift in Sources */,
				B2CFDF2E2BF715480070385F /* AppError.swift in Sources */,
				B2CFDF2C2BF714F80070385F /* Constant.swift in Sources */,
				B2CFDF112BF710F40070385F /* LandmarksApp.swift in Sources */,
				B2CFDF202BF711190070385F /* Landmark.swift in Sources */,
				B2CFDF392BF7229C0070385F /* Separator.swift in Sources */,
				B2CFDF332BF717730070385F /* LandmarkRow.swift in Sources */,
				B2CFDF312BF716840070385F /* LandmarkViewModel.swift in Sources */,
			);
			runOnlyForDeploymentPostprocessing = 0;
		};
/* End PBXSourcesBuildPhase section */

/* Begin XCBuildConfiguration section */
		B2CFDF192BF710F50070385F /* Debug */ = {
			isa = XCBuildConfiguration;
			buildSettings = {
				ALWAYS_SEARCH_USER_PATHS = NO;
				ASSETCATALOG_COMPILER_GENERATE_SWIFT_ASSET_SYMBOL_EXTENSIONS = YES;
				CLANG_ANALYZER_NONNULL = YES;
				CLANG_ANALYZER_NUMBER_OBJECT_CONVERSION = YES_AGGRESSIVE;
				CLANG_CXX_LANGUAGE_STANDARD = "gnu++20";
				CLANG_ENABLE_MODULES = YES;
				CLANG_ENABLE_OBJC_ARC = YES;
				CLANG_ENABLE_OBJC_WEAK = YES;
				CLANG_WARN_BLOCK_CAPTURE_AUTORELEASING = YES;
				CLANG_WARN_BOOL_CONVERSION = YES;
				CLANG_WARN_COMMA = YES;
				CLANG_WARN_CONSTANT_CONVERSION = YES;
				CLANG_WARN_DEPRECATED_OBJC_IMPLEMENTATIONS = YES;
				CLANG_WARN_DIRECT_OBJC_ISA_USAGE = YES_ERROR;
				CLANG_WARN_DOCUMENTATION_COMMENTS = YES;
				CLANG_WARN_EMPTY_BODY = YES;
				CLANG_WARN_ENUM_CONVERSION = YES;
				CLANG_WARN_INFINITE_RECURSION = YES;
				CLANG_WARN_INT_CONVERSION = YES;
				CLANG_WARN_NON_LITERAL_NULL_CONVERSION = YES;
				CLANG_WARN_OBJC_IMPLICIT_RETAIN_SELF = YES;
				CLANG_WARN_OBJC_LITERAL_CONVERSION = YES;
				CLANG_WARN_OBJC_ROOT_CLASS = YES_ERROR;
				CLANG_WARN_QUOTED_INCLUDE_IN_FRAMEWORK_HEADER = YES;
				CLANG_WARN_RANGE_LOOP_ANALYSIS = YES;
				CLANG_WARN_STRICT_PROTOTYPES = YES;
				CLANG_WARN_SUSPICIOUS_MOVE = YES;
				CLANG_WARN_UNGUARDED_AVAILABILITY = YES_AGGRESSIVE;
				CLANG_WARN_UNREACHABLE_CODE = YES;
				CLANG_WARN__DUPLICATE_METHOD_MATCH = YES;
				COPY_PHASE_STRIP = NO;
				DEBUG_INFORMATION_FORMAT = dwarf;
				ENABLE_STRICT_OBJC_MSGSEND = YES;
				ENABLE_TESTABILITY = YES;
				ENABLE_USER_SCRIPT_SANDBOXING = YES;
				GCC_C_LANGUAGE_STANDARD = gnu17;
				GCC_DYNAMIC_NO_PIC = NO;
				GCC_NO_COMMON_BLOCKS = YES;
				GCC_OPTIMIZATION_LEVEL = 0;
				GCC_PREPROCESSOR_DEFINITIONS = (
					"DEBUG=1",
					"$(inherited)",
				);
				GCC_WARN_64_TO_32_BIT_CONVERSION = YES;
				GCC_WARN_ABOUT_RETURN_TYPE = YES_ERROR;
				GCC_WARN_UNDECLARED_SELECTOR = YES;
				GCC_WARN_UNINITIALIZED_AUTOS = YES_AGGRESSIVE;
				GCC_WARN_UNUSED_FUNCTION = YES;
				GCC_WARN_UNUSED_VARIABLE = YES;
				IPHONEOS_DEPLOYMENT_TARGET = 17.4;
				LOCALIZATION_PREFERS_STRING_CATALOGS = YES;
				MTL_ENABLE_DEBUG_INFO = INCLUDE_SOURCE;
				MTL_FAST_MATH = YES;
				ONLY_ACTIVE_ARCH = YES;
				SDKROOT = iphoneos;
				SWIFT_ACTIVE_COMPILATION_CONDITIONS = "DEBUG $(inherited)";
				SWIFT_OPTIMIZATION_LEVEL = "-Onone";
			};
			name = Debug;
		};
		B2CFDF1A2BF710F50070385F /* Release */ = {
			isa = XCBuildConfiguration;
			buildSettings = {
				ALWAYS_SEARCH_USER_PATHS = NO;
				ASSETCATALOG_COMPILER_GENERATE_SWIFT_ASSET_SYMBOL_EXTENSIONS = YES;
				CLANG_ANALYZER_NONNULL = YES;
				CLANG_ANALYZER_NUMBER_OBJECT_CONVERSION = YES_AGGRESSIVE;
				CLANG_CXX_LANGUAGE_STANDARD = "gnu++20";
				CLANG_ENABLE_MODULES = YES;
				CLANG_ENABLE_OBJC_ARC = YES;
				CLANG_ENABLE_OBJC_WEAK = YES;
				CLANG_WARN_BLOCK_CAPTURE_AUTORELEASING = YES;
				CLANG_WARN_BOOL_CONVERSION = YES;
				CLANG_WARN_COMMA = YES;
				CLANG_WARN_CONSTANT_CONVERSION = YES;
				CLANG_WARN_DEPRECATED_OBJC_IMPLEMENTATIONS = YES;
				CLANG_WARN_DIRECT_OBJC_ISA_USAGE = YES_ERROR;
				CLANG_WARN_DOCUMENTATION_COMMENTS = YES;
				CLANG_WARN_EMPTY_BODY = YES;
				CLANG_WARN_ENUM_CONVERSION = YES;
				CLANG_WARN_INFINITE_RECURSION = YES;
				CLANG_WARN_INT_CONVERSION = YES;
				CLANG_WARN_NON_LITERAL_NULL_CONVERSION = YES;
				CLANG_WARN_OBJC_IMPLICIT_RETAIN_SELF = YES;
				CLANG_WARN_OBJC_LITERAL_CONVERSION = YES;
				CLANG_WARN_OBJC_ROOT_CLASS = YES_ERROR;
				CLANG_WARN_QUOTED_INCLUDE_IN_FRAMEWORK_HEADER = YES;
				CLANG_WARN_RANGE_LOOP_ANALYSIS = YES;
				CLANG_WARN_STRICT_PROTOTYPES = YES;
				CLANG_WARN_SUSPICIOUS_MOVE = YES;
				CLANG_WARN_UNGUARDED_AVAILABILITY = YES_AGGRESSIVE;
				CLANG_WARN_UNREACHABLE_CODE = YES;
				CLANG_WARN__DUPLICATE_METHOD_MATCH = YES;
				COPY_PHASE_STRIP = NO;
				DEBUG_INFORMATION_FORMAT = "dwarf-with-dsym";
				ENABLE_NS_ASSERTIONS = NO;
				ENABLE_STRICT_OBJC_MSGSEND = YES;
				ENABLE_USER_SCRIPT_SANDBOXING = YES;
				GCC_C_LANGUAGE_STANDARD = gnu17;
				GCC_NO_COMMON_BLOCKS = YES;
				GCC_WARN_64_TO_32_BIT_CONVERSION = YES;
				GCC_WARN_ABOUT_RETURN_TYPE = YES_ERROR;
				GCC_WARN_UNDECLARED_SELECTOR = YES;
				GCC_WARN_UNINITIALIZED_AUTOS = YES_AGGRESSIVE;
				GCC_WARN_UNUSED_FUNCTION = YES;
				GCC_WARN_UNUSED_VARIABLE = YES;
				IPHONEOS_DEPLOYMENT_TARGET = 17.4;
				LOCALIZATION_PREFERS_STRING_CATALOGS = YES;
				MTL_ENABLE_DEBUG_INFO = NO;
				MTL_FAST_MATH = YES;
				SDKROOT = iphoneos;
				SWIFT_COMPILATION_MODE = wholemodule;
				VALIDATE_PRODUCT = YES;
			};
			name = Release;
		};
		B2CFDF1C2BF710F50070385F /* Debug */ = {
			isa = XCBuildConfiguration;
			buildSettings = {
				ASSETCATALOG_COMPILER_APPICON_NAME = AppIcon;
				ASSETCATALOG_COMPILER_GLOBAL_ACCENT_COLOR_NAME = AccentColor;
				CODE_SIGN_STYLE = Automatic;
				CURRENT_PROJECT_VERSION = 1;
				DEVELOPMENT_ASSET_PATHS = "\"Landmarks/Preview Content\"";
				DEVELOPMENT_TEAM = 7Y32PGU5ZX;
				ENABLE_PREVIEWS = YES;
				GENERATE_INFOPLIST_FILE = YES;
				INFOPLIST_KEY_UIApplicationSceneManifest_Generation = YES;
				INFOPLIST_KEY_UIApplicationSupportsIndirectInputEvents = YES;
				INFOPLIST_KEY_UILaunchScreen_Generation = YES;
				INFOPLIST_KEY_UISupportedInterfaceOrientations_iPad = "UIInterfaceOrientationPortrait UIInterfaceOrientationPortraitUpsideDown UIInterfaceOrientationLandscapeLeft UIInterfaceOrientationLandscapeRight";
				INFOPLIST_KEY_UISupportedInterfaceOrientations_iPhone = "UIInterfaceOrientationPortrait UIInterfaceOrientationLandscapeLeft UIInterfaceOrientationLandscapeRight";
				LD_RUNPATH_SEARCH_PATHS = (
					"$(inherited)",
					"@executable_path/Frameworks",
				);
				MARKETING_VERSION = 1.0;
				PRODUCT_BUNDLE_IDENTIFIER = com.armanmorshed.Landmarks;
				PRODUCT_NAME = "$(TARGET_NAME)";
				SWIFT_EMIT_LOC_STRINGS = YES;
				SWIFT_VERSION = 5.0;
				TARGETED_DEVICE_FAMILY = "1,2";
			};
			name = Debug;
		};
		B2CFDF1D2BF710F50070385F /* Release */ = {
			isa = XCBuildConfiguration;
			buildSettings = {
				ASSETCATALOG_COMPILER_APPICON_NAME = AppIcon;
				ASSETCATALOG_COMPILER_GLOBAL_ACCENT_COLOR_NAME = AccentColor;
				CODE_SIGN_STYLE = Automatic;
				CURRENT_PROJECT_VERSION = 1;
				DEVELOPMENT_ASSET_PATHS = "\"Landmarks/Preview Content\"";
				DEVELOPMENT_TEAM = 7Y32PGU5ZX;
				ENABLE_PREVIEWS = YES;
				GENERATE_INFOPLIST_FILE = YES;
				INFOPLIST_KEY_UIApplicationSceneManifest_Generation = YES;
				INFOPLIST_KEY_UIApplicationSupportsIndirectInputEvents = YES;
				INFOPLIST_KEY_UILaunchScreen_Generation = YES;
				INFOPLIST_KEY_UISupportedInterfaceOrientations_iPad = "UIInterfaceOrientationPortrait UIInterfaceOrientationPortraitUpsideDown UIInterfaceOrientationLandscapeLeft UIInterfaceOrientationLandscapeRight";
				INFOPLIST_KEY_UISupportedInterfaceOrientations_iPhone = "UIInterfaceOrientationPortrait UIInterfaceOrientationLandscapeLeft UIInterfaceOrientationLandscapeRight";
				LD_RUNPATH_SEARCH_PATHS = (
					"$(inherited)",
					"@executable_path/Frameworks",
				);
				MARKETING_VERSION = 1.0;
				PRODUCT_BUNDLE_IDENTIFIER = com.armanmorshed.Landmarks;
				PRODUCT_NAME = "$(TARGET_NAME)";
				SWIFT_EMIT_LOC_STRINGS = YES;
				SWIFT_VERSION = 5.0;
				TARGETED_DEVICE_FAMILY = "1,2";
			};
			name = Release;
		};
/* End XCBuildConfiguration section */

/* Begin XCConfigurationList section */
		B2CFDF082BF710F40070385F /* Build configuration list for PBXProject "Landmarks" */ = {
			isa = XCConfigurationList;
			buildConfigurations = (
				B2CFDF192BF710F50070385F /* Debug */,
				B2CFDF1A2BF710F50070385F /* Release */,
			);
			defaultConfigurationIsVisible = 0;
			defaultConfigurationName = Release;
		};
		B2CFDF1B2BF710F50070385F /* Build configuration list for PBXNativeTarget "Landmarks" */ = {
			isa = XCConfigurationList;
			buildConfigurations = (
				B2CFDF1C2BF710F50070385F /* Debug */,
				B2CFDF1D2BF710F50070385F /* Release */,
			);
			defaultConfigurationIsVisible = 0;
			defaultConfigurationName = Release;
		};
/* End XCConfigurationList section */
	};
	rootObject = B2CFDF052BF710F40070385F /* Project object */;
}
